
Microsoft Visual Studio Solution File, Format Version 12.00
# Visual Studio Version 17
VisualStudioVersion = 17.13.35825.156 d17.13
MinimumVisualStudioVersion = 10.0.40219.1
Project("{FAE04EC0-301F-11D3-BF4B-00C04F79EFBC}") = "Eventify", "Eventify.csproj", "{FA9F3237-E334-44F0-A35D-3DD6BA1A5C41}"
EndProject
Global
	GlobalSection(SolutionConfigurationPlatforms) = preSolution
		Debug|Any CPU = Debug|Any CPU
		Release|Any CPU = Release|Any CPU
	EndGlobalSection
	GlobalSection(ProjectConfigurationPlatforms) = postSolution
		{FA9F3237-E334-44F0-A35D-3DD6BA1A5C41}.Debug|Any CPU.ActiveCfg = Debug|Any CPU
		{FA9F3237-E334-44F0-A35D-3DD6BA1A5C41}.Debug|Any CPU.Build.0 = Debug|Any CPU
		{FA9F3237-E334-44F0-A35D-3DD6BA1A5C41}.Release|Any CPU.ActiveCfg = Release|Any CPU
		{FA9F3237-E334-44F0-A35D-3DD6BA1A5C41}.Release|Any CPU.Build.0 = Release|Any CPU
	EndGlobalSection
	GlobalSection(SolutionProperties) = preSolution
		HideSolutionNode = FALSE
	EndGlobalSection
	GlobalSection(ExtensibilityGlobals) = postSolution
		SolutionGuid = {528358FC-AD2C-454C-B8D8-9755643942FC}
	EndGlobalSection
EndGlobal
